
Microsoft Visual Studio Solution File, Format Version 12.00
# Visual Studio Version 17
VisualStudioVersion = 17.14.37203.1 d17.14
MinimumVisualStudioVersion = 10.0.40219.1
Project("{FAE04EC0-301F-11D3-BF4B-00C04F79EFBC}") = "CsvWeb", "CsvWeb.csproj", "{C448B59B-4924-4C7E-9631-FC6341C4AC0A}"
EndProject
Global
	GlobalSection(SolutionConfigurationPlatforms) = preSolution
		Debug|Any CPU = Debug|Any CPU
		Release|Any CPU = Release|Any CPU
	EndGlobalSection
	GlobalSection(ProjectConfigurationPlatforms) = postSolution
		{C448B59B-4924-4C7E-9631-FC6341C4AC0A}.Debug|Any CPU.ActiveCfg = Debug|Any CPU
		{C448B59B-4924-4C7E-9631-FC6341C4AC0A}.Debug|Any CPU.Build.0 = Debug|Any CPU
		{C448B59B-4924-4C7E-9631-FC6341C4AC0A}.Release|Any CPU.ActiveCfg = Release|Any CPU
		{C448B59B-4924-4C7E-9631-FC6341C4AC0A}.Release|Any CPU.Build.0 = Release|Any CPU
	EndGlobalSection
	GlobalSection(SolutionProperties) = preSolution
		HideSolutionNode = FALSE
	EndGlobalSection
	GlobalSection(ExtensibilityGlobals) = postSolution
		SolutionGuid = {F17B91A9-9706-48CD-9393-75131AF89B5E}
	EndGlobalSection
EndGlobal
